
Microsoft Visual Studio Solution File, Format Version 12.00
# Visual Studio Version 17
VisualStudioVersion = 17.0.32014.148
MinimumVisualStudioVersion = 10.0.40219.1
Project("{FAE04EC0-301F-11D3-BF4B-00C04F79EFBC}") = "PRN221_GroupProject_PetWorldWeb", "PRN221_GroupProject_PetWorldWeb.csproj", "{35DDD58D-3873-419D-BAEB-AAF1D7AF579D}"
EndProject
Global
	GlobalSection(SolutionConfigurationPlatforms) = preSolution
		Debug|Any CPU = Debug|Any CPU
		Release|Any CPU = Release|Any CPU
	EndGlobalSection
	GlobalSection(ProjectConfigurationPlatforms) = postSolution
		{35DDD58D-3873-419D-BAEB-AAF1D7AF579D}.Debug|Any CPU.ActiveCfg = Debug|Any CPU
		{35DDD58D-3873-419D-BAEB-AAF1D7AF579D}.Debug|Any CPU.Build.0 = Debug|Any CPU
		{35DDD58D-3873-419D-BAEB-AAF1D7AF579D}.Release|Any CPU.ActiveCfg = Release|Any CPU
		{35DDD58D-3873-419D-BAEB-AAF1D7AF579D}.Release|Any CPU.Build.0 = Release|Any CPU
	EndGlobalSection
	GlobalSection(SolutionProperties) = preSolution
		HideSolutionNode = FALSE
	EndGlobalSection
	GlobalSection(ExtensibilityGlobals) = postSolution
		SolutionGuid = {EE05A3C7-B26D-4B1B-A110-027F5C4F2778}
	EndGlobalSection
EndGlobal
